schema: '2.0'
stages:
  load_data:
    cmd: python src/stage_01_load_save.py --config=config/config.yaml
    deps:
    - path: config/config.yaml
      md5: 1e816fda334395b1e31f3466b1c424ad
      size: 475
    - path: src/stage_01_load_save.py
      md5: a5c8f9a9f3e38f5a301b1ad0c29aeafb
      size: 1719
    - path: src/utils/all_utils.py
      md5: 0fe9bcc4134f62977696fcc10a5dd5a5
      size: 998
    outs:
    - path: data/cat
      md5: 2acc285e327d446c48b2deae2794c043.dir
      size: 18570831
      nfiles: 103
    - path: data/dog
      md5: 4cd98e0169f25b4675d46cbc1b678d2d.dir
      size: 19364112
      nfiles: 174
  prepare_base_model:
    cmd: python src/stage_02_prepare_base_model.py --config=config/config.yaml --params=params.yaml
    deps:
    - path: config/config.yaml
      md5: 1e816fda334395b1e31f3466b1c424ad
      size: 475
    - path: src/stage_02_prepare_base_model.py
      md5: 8be07e2d7a34f6933ca3c73497a3e2b6
      size: 2291
    - path: src/utils/all_utils.py
      md5: 0fe9bcc4134f62977696fcc10a5dd5a5
      size: 998
    - path: src/utils/models.py
      md5: 41cccc10423de7b32095e2efb30b56d3
      size: 1954
    params:
      params.yaml:
        IMAGE_SIZE:
        - 224
        - 224
        - 3
        LEARNING_RATE: 0.001
    outs:
    - path: artifacts/base_model/VGG16_base_model.h5
      md5: dd777746b95b5b86823928d1c17f6849
      size: 58920272
    - path: artifacts/base_model/updated_VGG16_base_model.h5
      md5: baba0a0702d1ae7a9bafb485aa5cd6d5
      size: 59132008
  prepare_callbacks:
    cmd: python src/stage_03_prepare_callbacks.py --config=config/config.yaml --params=params.yaml
    deps:
    - path: config/config.yaml
      md5: 1e816fda334395b1e31f3466b1c424ad
      size: 475
    - path: params.yaml
      md5: 248f0f3c7a0b69791e897d3e67d09f5b
      size: 125
    - path: src/stage_03_prepare_callbacks.py
      md5: 6a75dab00348529d47d476eea41430ff
      size: 1808
    - path: src/utils/all_utils.py
      md5: 0fe9bcc4134f62977696fcc10a5dd5a5
      size: 998
    - path: src/utils/callbacks.py
      md5: 915a953f4b3ef7fcbfcdca5b6dd9a88f
      size: 1531
    outs:
    - path: artifacts/callbacks/checkpoint_cb.cb
      md5: fa4abcae7e340415ddfaabd96efa85bb
      size: 869
    - path: artifacts/callbacks/tensorboard_cb.cb
      md5: ebff191644f9087bfadac166403f89e6
      size: 682
